
Microsoft Visual Studio Solution File, Format Version 12.00
# Visual Studio 15
VisualStudioVersion = 15.0.27130.2003
MinimumVisualStudioVersion = 10.0.40219.1
Project("{FAE04EC0-301F-11D3-BF4B-00C04F79EFBC}") = "zbw.car.rent.api", "zbw.car.rent.api\zbw.car.rent.api.csproj", "{C9032B41-F2E4-44B8-88FA-9E8F3AE63AFC}"
EndProject
Global
	GlobalSection(SolutionConfigurationPlatforms) = preSolution
		Debug|Any CPU = Debug|Any CPU
		Release|Any CPU = Release|Any CPU
	EndGlobalSection
	GlobalSection(ProjectConfigurationPlatforms) = postSolution
		{C9032B41-F2E4-44B8-88FA-9E8F3AE63AFC}.Debug|Any CPU.ActiveCfg = Debug|Any CPU
		{C9032B41-F2E4-44B8-88FA-9E8F3AE63AFC}.Debug|Any CPU.Build.0 = Debug|Any CPU
		{C9032B41-F2E4-44B8-88FA-9E8F3AE63AFC}.Release|Any CPU.ActiveCfg = Release|Any CPU
		{C9032B41-F2E4-44B8-88FA-9E8F3AE63AFC}.Release|Any CPU.Build.0 = Release|Any CPU
	EndGlobalSection
	GlobalSection(SolutionProperties) = preSolution
		HideSolutionNode = FALSE
	EndGlobalSection
	GlobalSection(ExtensibilityGlobals) = postSolution
		SolutionGuid = {2E039614-B73E-47AB-8A9C-B6AD8C45B49F}
	EndGlobalSection
EndGlobal
